
Microsoft Visual Studio Solution File, Format Version 12.00
# Visual Studio Version 16
VisualStudioVersion = 16.0.29123.88
MinimumVisualStudioVersion = 10.0.40219.1
Project("{FAE04EC0-301F-11D3-BF4B-00C04F79EFBC}") = "xCafeWebAPI", "xCafeWebAPI\xCafeWebAPI.csproj", "{4127A3C5-95D3-4E05-ACA8-FE917D15A93D}"
EndProject
Global
	GlobalSection(SolutionConfigurationPlatforms) = preSolution
		Debug|Any CPU = Debug|Any CPU
		Release|Any CPU = Release|Any CPU
	EndGlobalSection
	GlobalSection(ProjectConfigurationPlatforms) = postSolution
		{4127A3C5-95D3-4E05-ACA8-FE917D15A93D}.Debug|Any CPU.ActiveCfg = Debug|Any CPU
		{4127A3C5-95D3-4E05-ACA8-FE917D15A93D}.Debug|Any CPU.Build.0 = Debug|Any CPU
		{4127A3C5-95D3-4E05-ACA8-FE917D15A93D}.Release|Any CPU.ActiveCfg = Release|Any CPU
		{4127A3C5-95D3-4E05-ACA8-FE917D15A93D}.Release|Any CPU.Build.0 = Release|Any CPU
	EndGlobalSection
	GlobalSection(SolutionProperties) = preSolution
		HideSolutionNode = FALSE
	EndGlobalSection
	GlobalSection(ExtensibilityGlobals) = postSolution
		SolutionGuid = {B925DBF2-2594-42FF-8E0B-835765A7DBAC}
	EndGlobalSection
EndGlobal
